
Microsoft Visual Studio Solution File, Format Version 12.00
# Visual Studio Version 17
VisualStudioVersion = 17.14.36518.9
MinimumVisualStudioVersion = 10.0.40219.1
Project("{FAE04EC0-301F-11D3-BF4B-00C04F79EFBC}") = "Hnefatafl.Console", "Hnefatafl.Console\Hnefatafl.Console.csproj", "{6FFAC890-11D1-450C-95E7-05917E62353B}"
EndProject
Project("{FAE04EC0-301F-11D3-BF4B-00C04F79EFBC}") = "Hnefatafl.Engine", "Hnefatafl.Engine\Hnefatafl.Engine\Hnefatafl.Engine.csproj", "{775502FD-7214-3EEE-B66E-9B88F05CD091}"
EndProject
Project("{FAE04EC0-301F-11D3-BF4B-00C04F79EFBC}") = "Hnefatafl.Engine.OnlineConnector", "Hnefatafl.Engine\Hnefatafl.Engine.OnlineConnector\Hnefatafl.Engine.OnlineConnector.csproj", "{C19B1C57-D904-B87F-C057-5444E1FFB46A}"
EndProject
Project("{FAE04EC0-301F-11D3-BF4B-00C04F79EFBC}") = "Hnefatafl.AI", "Hnefatafl.AI\Hnefatafl.AI.csproj", "{5A7C69A9-D148-4D11-DDFC-6251555ED518}"
EndProject
Project("{FAE04EC0-301F-11D3-BF4B-00C04F79EFBC}") = "Hnefatafl.AI.Tests", "Hnefatafl.AI.Tests\Hnefatafl.AI.Tests.csproj", "{D15EC3D0-5C08-15BC-7C77-0E509153E43F}"
EndProject
Global
	GlobalSection(SolutionConfigurationPlatforms) = preSolution
		Debug|Any CPU = Debug|Any CPU
		Release|Any CPU = Release|Any CPU
	EndGlobalSection
	GlobalSection(ProjectConfigurationPlatforms) = postSolution
		{6FFAC890-11D1-450C-95E7-05917E62353B}.Debug|Any CPU.ActiveCfg = Debug|Any CPU
		{6FFAC890-11D1-450C-95E7-05917E62353B}.Debug|Any CPU.Build.0 = Debug|Any CPU
		{6FFAC890-11D1-450C-95E7-05917E62353B}.Release|Any CPU.ActiveCfg = Release|Any CPU
		{6FFAC890-11D1-450C-95E7-05917E62353B}.Release|Any CPU.Build.0 = Release|Any CPU
		{775502FD-7214-3EEE-B66E-9B88F05CD091}.Debug|Any CPU.ActiveCfg = Debug|Any CPU
		{775502FD-7214-3EEE-B66E-9B88F05CD091}.Debug|Any CPU.Build.0 = Debug|Any CPU
		{775502FD-7214-3EEE-B66E-9B88F05CD091}.Release|Any CPU.ActiveCfg = Release|Any CPU
		{775502FD-7214-3EEE-B66E-9B88F05CD091}.Release|Any CPU.Build.0 = Release|Any CPU
		{C19B1C57-D904-B87F-C057-5444E1FFB46A}.Debug|Any CPU.ActiveCfg = Debug|Any CPU
		{C19B1C57-D904-B87F-C057-5444E1FFB46A}.Debug|Any CPU.Build.0 = Debug|Any CPU
		{C19B1C57-D904-B87F-C057-5444E1FFB46A}.Release|Any CPU.ActiveCfg = Release|Any CPU
		{C19B1C57-D904-B87F-C057-5444E1FFB46A}.Release|Any CPU.Build.0 = Release|Any CPU
		{5A7C69A9-D148-4D11-DDFC-6251555ED518}.Debug|Any CPU.ActiveCfg = Debug|Any CPU
		{5A7C69A9-D148-4D11-DDFC-6251555ED518}.Debug|Any CPU.Build.0 = Debug|Any CPU
		{5A7C69A9-D148-4D11-DDFC-6251555ED518}.Release|Any CPU.ActiveCfg = Release|Any CPU
		{5A7C69A9-D148-4D11-DDFC-6251555ED518}.Release|Any CPU.Build.0 = Release|Any CPU
		{D15EC3D0-5C08-15BC-7C77-0E509153E43F}.Debug|Any CPU.ActiveCfg = Debug|Any CPU
		{D15EC3D0-5C08-15BC-7C77-0E509153E43F}.Debug|Any CPU.Build.0 = Debug|Any CPU
		{D15EC3D0-5C08-15BC-7C77-0E509153E43F}.Release|Any CPU.ActiveCfg = Release|Any CPU
		{D15EC3D0-5C08-15BC-7C77-0E509153E43F}.Release|Any CPU.Build.0 = Release|Any CPU
	EndGlobalSection
	GlobalSection(SolutionProperties) = preSolution
		HideSolutionNode = FALSE
	EndGlobalSection
	GlobalSection(ExtensibilityGlobals) = postSolution
		SolutionGuid = {7ACE2B79-A44B-44FA-89EA-50EBD85C7336}
	EndGlobalSection
EndGlobal
